{
  "name": "vite",
  "version": "0.0.0",
  "lockfileVersion": 2,
  "requires": true,
  "packages": {
    "": {
      "name": "vite",
      "version": "0.0.0",
      "dependencies": {
        "@pixi/layers": "^1.0.11",
        "core-js": "^3.20.3",
        "pixi-spine": "^3.0.13",
        "pixi.js": "^6.3.0",
        "socket.io-client": "^4.5.0",
        "ws": "^8.6.0"
      },
      "devDependencies": {
        "vite": "^2.9.5"
      }
    },
    "node_modules/@pixi-spine/base": {
      "version": "3.0.13",
      "peerDependencies": {
        "@pixi/constants": "^6.1.0",
        "@pixi/core": "^6.1.0",
        "@pixi/display": "^6.1.0",
        "@pixi/graphics": "^6.1.0",
        "@pixi/math": "^6.1.0",
        "@pixi/mesh": "^6.1.0",
        "@pixi/mesh-extras": "^6.1.0",
        "@pixi/sprite": "^6.1.0",
        "@pixi/utils": "^6.1.0"
      }
    },
    "node_modules/@pixi-spine/loader-base": {
      "version": "3.0.13",
      "dependencies": {
        "@pixi-spine/base": "~3.0.13"
      },
      "peerDependencies": {
        "@pixi/app": "^6.1.0",
        "@pixi/constants": "^6.1.0",
        "@pixi/core": "^6.1.0",
        "@pixi/display": "^6.1.0",
        "@pixi/loaders": "^6.1.0",
        "resource-loader": "~3.0.1"
      }
    },
    "node_modules/@pixi-spine/loader-uni": {
      "version": "3.0.13",
      "dependencies": {
        "@pixi-spine/base": "~3.0.13",
        "@pixi-spine/loader-base": "~3.0.13",
        "@pixi-spine/runtime-3.7": "~3.0.13",
        "@pixi-spine/runtime-3.8": "~3.0.13",
        "@pixi-spine/runtime-4.0": "~3.0.13"
      },
      "peerDependencies": {
        "@pixi/loaders": "^6.1.0"
      }
    },
    "node_modules/@pixi-spine/runtime-3.7": {
      "version": "3.0.13",
      "license": "SEE SPINE-LICENSE",
      "dependencies": {
        "@pixi-spine/base": "~3.0.13"
      },
      "peerDependencies": {
        "@pixi/constants": "^6.1.0",
        "@pixi/math": "^6.1.0"
      }
    },
    "node_modules/@pixi-spine/runtime-3.8": {
      "version": "3.0.13",
      "license": "SEE SPINE-LICENSE",
      "dependencies": {
        "@pixi-spine/base": "~3.0.13"
      },
      "peerDependencies": {
        "@pixi/constants": "^6.1.0",
        "@pixi/math": "^6.1.0"
      }
    },
    "node_modules/@pixi-spine/runtime-4.0": {
      "version": "3.0.13",
      "license": "SEE SPINE-LICENSE",
      "dependencies": {
        "@pixi-spine/base": "~3.0.13"
      },
      "peerDependencies": {
        "@pixi/constants": "^6.1.0",
        "@pixi/math": "^6.1.0"
      }
    },
    "node_modules/@pixi/accessibility": {
      "version": "6.3.2",
      "license": "MIT",
      "peerDependencies": {
        "@pixi/core": "6.3.2",
        "@pixi/display": "6.3.2",
        "@pixi/utils": "6.3.2"
      }
    },
    "node_modules/@pixi/app": {
      "version": "6.3.2",
      "license": "MIT",
      "peerDependencies": {
        "@pixi/core": "6.3.2",
        "@pixi/display": "6.3.2"
      }
    },
    "node_modules/@pixi/canvas-renderer": {
      "version": "6.3.2",
      "license": "MIT",
      "peer": true,
      "peerDependencies": {
        "@pixi/constants": "6.3.2",
        "@pixi/core": "6.3.2",
        "@pixi/math": "6.3.2",
        "@pixi/settings": "6.3.2",
        "@pixi/utils": "6.3.2"
      }
    },
    "node_modules/@pixi/compressed-textures": {
      "version": "6.3.2",
      "license": "MIT",
      "peerDependencies": {
        "@pixi/constants": "6.3.2",
        "@pixi/core": "6.3.2",
        "@pixi/loaders": "6.3.2",
        "@pixi/utils": "6.3.2"
      }
    },
    "node_modules/@pixi/constants": {
      "version": "6.3.2",
      "license": "MIT"
    },
    "node_modules/@pixi/core": {
      "version": "6.3.2",
      "license": "MIT",
      "dependencies": {
        "@types/offscreencanvas": "^2019.6.4"
      },
      "funding": {
        "type": "opencollective",
        "url": "https://opencollective.com/pixijs"
      },
      "peerDependencies": {
        "@pixi/constants": "6.3.2",
        "@pixi/math": "6.3.2",
        "@pixi/runner": "6.3.2",
        "@pixi/settings": "6.3.2",
        "@pixi/ticker": "6.3.2",
        "@pixi/utils": "6.3.2"
      }
    },
    "node_modules/@pixi/display": {
      "version": "6.3.2",
      "license": "MIT",
      "peerDependencies": {
        "@pixi/math": "6.3.2",
        "@pixi/settings": "6.3.2",
        "@pixi/utils": "6.3.2"
      }
    },
    "node_modules/@pixi/extract": {
      "version": "6.3.2",
      "license": "MIT",
      "peerDependencies": {
        "@pixi/core": "6.3.2",
        "@pixi/math": "6.3.2",
        "@pixi/utils": "6.3.2"
      }
    },
    "node_modules/@pixi/filter-alpha": {
      "version": "6.3.2",
      "license": "MIT",
      "peerDependencies": {
        "@pixi/core": "6.3.2"
      }
    },
    "node_modules/@pixi/filter-blur": {
      "version": "6.3.2",
      "license": "MIT",
      "peerDependencies": {
        "@pixi/core": "6.3.2",
        "@pixi/settings": "6.3.2"
      }
    },
    "node_modules/@pixi/filter-color-matrix": {
      "version": "6.3.2",
      "license": "MIT",
      "peerDependencies": {
        "@pixi/core": "6.3.2"
      }
    },
    "node_modules/@pixi/filter-displacement": {
      "version": "6.3.2",
      "license": "MIT",
      "peerDependencies": {
        "@pixi/core": "6.3.2",
        "@pixi/math": "6.3.2"
      }
    },
    "node_modules/@pixi/filter-fxaa": {
      "version": "6.3.2",
      "license": "MIT",
      "peerDependencies": {
        "@pixi/core": "6.3.2"
      }
    },
    "node_modules/@pixi/filter-noise": {
      "version": "6.3.2",
      "license": "MIT",
      "peerDependencies": {
        "@pixi/core": "6.3.2"
      }
    },
    "node_modules/@pixi/graphics": {
      "version": "6.3.2",
      "license": "MIT",
      "peerDependencies": {
        "@pixi/constants": "6.3.2",
        "@pixi/core": "6.3.2",
        "@pixi/display": "6.3.2",
        "@pixi/math": "6.3.2",
        "@pixi/sprite": "6.3.2",
        "@pixi/utils": "6.3.2"
      }
    },
    "node_modules/@pixi/interaction": {
      "version": "6.3.2",
      "license": "MIT",
      "peerDependencies": {
        "@pixi/core": "6.3.2",
        "@pixi/display": "6.3.2",
        "@pixi/math": "6.3.2",
        "@pixi/ticker": "6.3.2",
        "@pixi/utils": "6.3.2"
      }
    },
    "node_modules/@pixi/layers": {
      "version": "1.0.11",
      "license": "MIT",
      "peerDependencies": {
        "@pixi/canvas-renderer": "^6.0.4",
        "@pixi/constants": "^6.0.4",
        "@pixi/core": "^6.0.4",
        "@pixi/display": "^6.0.4",
        "@pixi/math": "^6.0.4",
        "@pixi/settings": "^6.0.4",
        "@pixi/utils": "^6.0.4"
      }
    },
    "node_modules/@pixi/loaders": {
      "version": "6.3.2",
      "license": "MIT",
      "peerDependencies": {
        "@pixi/constants": "6.3.2",
        "@pixi/core": "6.3.2",
        "@pixi/utils": "6.3.2"
      }
    },
    "node_modules/@pixi/math": {
      "version": "6.3.2",
      "license": "MIT"
    },
    "node_modules/@pixi/mesh": {
      "version": "6.3.2",
      "license": "MIT",
      "peerDependencies": {
        "@pixi/constants": "6.3.2",
        "@pixi/core": "6.3.2",
        "@pixi/display": "6.3.2",
        "@pixi/math": "6.3.2",
        "@pixi/settings": "6.3.2",
        "@pixi/utils": "6.3.2"
      }
    },
    "node_modules/@pixi/mesh-extras": {
      "version": "6.3.2",
      "license": "MIT",
      "peerDependencies": {
        "@pixi/constants": "6.3.2",
        "@pixi/core": "6.3.2",
        "@pixi/math": "6.3.2",
        "@pixi/mesh": "6.3.2",
        "@pixi/utils": "6.3.2"
      }
    },
    "node_modules/@pixi/mixin-cache-as-bitmap": {
      "version": "6.3.2",
      "license": "MIT",
      "peerDependencies": {
        "@pixi/core": "6.3.2",
        "@pixi/display": "6.3.2",
        "@pixi/math": "6.3.2",
        "@pixi/settings": "6.3.2",
        "@pixi/sprite": "6.3.2",
        "@pixi/utils": "6.3.2"
      }
    },
    "node_modules/@pixi/mixin-get-child-by-name": {
      "version": "6.3.2",
      "license": "MIT",
      "peerDependencies": {
        "@pixi/display": "6.3.2"
      }
    },
    "node_modules/@pixi/mixin-get-global-position": {
      "version": "6.3.2",
      "license": "MIT",
      "peerDependencies": {
        "@pixi/display": "6.3.2",
        "@pixi/math": "6.3.2"
      }
    },
    "node_modules/@pixi/particle-container": {
      "version": "6.3.2",
      "license": "MIT",
      "peerDependencies": {
        "@pixi/constants": "6.3.2",
        "@pixi/core": "6.3.2",
        "@pixi/display": "6.3.2",
        "@pixi/math": "6.3.2",
        "@pixi/utils": "6.3.2"
      }
    },
    "node_modules/@pixi/polyfill": {
      "version": "6.3.2",
      "license": "MIT",
      "dependencies": {
        "object-assign": "^4.1.1",
        "promise-polyfill": "^8.2.0"
      }
    },
    "node_modules/@pixi/prepare": {
      "version": "6.3.2",
      "license": "MIT",
      "peerDependencies": {
        "@pixi/core": "6.3.2",
        "@pixi/display": "6.3.2",
        "@pixi/graphics": "6.3.2",
        "@pixi/settings": "6.3.2",
        "@pixi/text": "6.3.2",
        "@pixi/ticker": "6.3.2"
      }
    },
    "node_modules/@pixi/runner": {
      "version": "6.3.2",
      "license": "MIT"
    },
    "node_modules/@pixi/settings": {
      "version": "6.3.2",
      "license": "MIT",
      "dependencies": {
        "ismobilejs": "^1.1.0"
      }
    },
    "node_modules/@pixi/sprite": {
      "version": "6.3.2",
      "license": "MIT",
      "peerDependencies": {
        "@pixi/constants": "6.3.2",
        "@pixi/core": "6.3.2",
        "@pixi/display": "6.3.2",
        "@pixi/math": "6.3.2",
        "@pixi/settings": "6.3.2",
        "@pixi/utils": "6.3.2"
      }
    },
    "node_modules/@pixi/sprite-animated": {
      "version": "6.3.2",
      "license": "MIT",
      "peerDependencies": {
        "@pixi/core": "6.3.2",
        "@pixi/sprite": "6.3.2",
        "@pixi/ticker": "6.3.2"
      }
    },
    "node_modules/@pixi/sprite-tiling": {
      "version": "6.3.2",
      "license": "MIT",
      "peerDependencies": {
        "@pixi/constants": "6.3.2",
        "@pixi/core": "6.3.2",
        "@pixi/display": "6.3.2",
        "@pixi/math": "6.3.2",
        "@pixi/sprite": "6.3.2",
        "@pixi/utils": "6.3.2"
      }
    },
    "node_modules/@pixi/spritesheet": {
      "version": "6.3.2",
      "license": "MIT",
      "peerDependencies": {
        "@pixi/core": "6.3.2",
        "@pixi/loaders": "6.3.2",
        "@pixi/math": "6.3.2",
        "@pixi/utils": "6.3.2"
      }
    },
    "node_modules/@pixi/text": {
      "version": "6.3.2",
      "license": "MIT",
      "peerDependencies": {
        "@pixi/core": "6.3.2",
        "@pixi/math": "6.3.2",
        "@pixi/settings": "6.3.2",
        "@pixi/sprite": "6.3.2",
        "@pixi/utils": "6.3.2"
      }
    },
    "node_modules/@pixi/text-bitmap": {
      "version": "6.3.2",
      "license": "MIT",
      "peerDependencies": {
        "@pixi/constants": "6.3.2",
        "@pixi/core": "6.3.2",
        "@pixi/display": "6.3.2",
        "@pixi/loaders": "6.3.2",
        "@pixi/math": "6.3.2",
        "@pixi/mesh": "6.3.2",
        "@pixi/settings": "6.3.2",
        "@pixi/text": "6.3.2",
        "@pixi/utils": "6.3.2"
      }
    },
    "node_modules/@pixi/ticker": {
      "version": "6.3.2",
      "license": "MIT",
      "peerDependencies": {
        "@pixi/settings": "6.3.2"
      }
    },
    "node_modules/@pixi/utils": {
      "version": "6.3.2",
      "license": "MIT",
      "dependencies": {
        "@types/earcut": "^2.1.0",
        "earcut": "^2.2.2",
        "eventemitter3": "^3.1.0",
        "url": "^0.11.0"
      },
      "peerDependencies": {
        "@pixi/constants": "6.3.2",
        "@pixi/settings": "6.3.2"
      }
    },
    "node_modules/@socket.io/component-emitter": {
      "version": "3.1.0",
      "license": "MIT"
    },
    "node_modules/@types/earcut": {
      "version": "2.1.1",
      "license": "MIT"
    },
    "node_modules/@types/offscreencanvas": {
      "version": "2019.6.4",
      "license": "MIT"
    },
    "node_modules/core-js": {
      "version": "3.22.5",
      "hasInstallScript": true,
      "license": "MIT",
      "funding": {
        "type": "opencollective",
        "url": "https://opencollective.com/core-js"
      }
    },
    "node_modules/debug": {
      "version": "4.3.4",
      "license": "MIT",
      "dependencies": {
        "ms": "2.1.2"
      },
      "engines": {
        "node": ">=6.0"
      },
      "peerDependenciesMeta": {
        "supports-color": {
          "optional": true
        }
      }
    },
    "node_modules/earcut": {
      "version": "2.2.3",
      "license": "ISC"
    },
    "node_modules/engine.io-client": {
      "version": "6.2.2",
      "license": "MIT",
      "dependencies": {
        "@socket.io/component-emitter": "~3.1.0",
        "debug": "~4.3.1",
        "engine.io-parser": "~5.0.3",
        "ws": "~8.2.3",
        "xmlhttprequest-ssl": "~2.0.0"
      }
    },
    "node_modules/engine.io-client/node_modules/ws": {
      "version": "8.2.3",
      "license": "MIT",
      "engines": {
        "node": ">=10.0.0"
      },
      "peerDependencies": {
        "bufferutil": "^4.0.1",
        "utf-8-validate": "^5.0.2"
      },
      "peerDependenciesMeta": {
        "bufferutil": {
          "optional": true
        },
        "utf-8-validate": {
          "optional": true
        }
      }
    },
    "node_modules/engine.io-parser": {
      "version": "5.0.4",
      "license": "MIT",
      "engines": {
        "node": ">=10.0.0"
      }
    },
    "node_modules/esbuild": {
      "version": "0.14.39",
      "dev": true,
      "hasInstallScript": true,
      "license": "MIT",
      "bin": {
        "esbuild": "bin/esbuild"
      },
      "engines": {
        "node": ">=12"
      },
      "optionalDependencies": {
        "esbuild-android-64": "0.14.39",
        "esbuild-android-arm64": "0.14.39",
        "esbuild-darwin-64": "0.14.39",
        "esbuild-darwin-arm64": "0.14.39",
        "esbuild-freebsd-64": "0.14.39",
        "esbuild-freebsd-arm64": "0.14.39",
        "esbuild-linux-32": "0.14.39",
        "esbuild-linux-64": "0.14.39",
        "esbuild-linux-arm": "0.14.39",
        "esbuild-linux-arm64": "0.14.39",
        "esbuild-linux-mips64le": "0.14.39",
        "esbuild-linux-ppc64le": "0.14.39",
        "esbuild-linux-riscv64": "0.14.39",
        "esbuild-linux-s390x": "0.14.39",
        "esbuild-netbsd-64": "0.14.39",
        "esbuild-openbsd-64": "0.14.39",
        "esbuild-sunos-64": "0.14.39",
        "esbuild-windows-32": "0.14.39",
        "esbuild-windows-64": "0.14.39",
        "esbuild-windows-arm64": "0.14.39"
      }
    },
    "node_modules/esbuild-darwin-arm64": {
      "version": "0.14.39",
      "cpu": [
        "arm64"
      ],
      "dev": true,
      "license": "MIT",
      "optional": true,
      "os": [
        "darwin"
      ],
      "engines": {
        "node": ">=12"
      }
    },
    "node_modules/eventemitter3": {
      "version": "3.1.2",
      "license": "MIT"
    },
    "node_modules/fsevents": {
      "version": "2.3.2",
      "dev": true,
      "license": "MIT",
      "optional": true,
      "os": [
        "darwin"
      ],
      "engines": {
        "node": "^8.16.0 || ^10.6.0 || >=11.0.0"
      }
    },
    "node_modules/function-bind": {
      "version": "1.1.1",
      "dev": true,
      "license": "MIT"
    },
    "node_modules/has": {
      "version": "1.0.3",
      "dev": true,
      "license": "MIT",
      "dependencies": {
        "function-bind": "^1.1.1"
      },
      "engines": {
        "node": ">= 0.4.0"
      }
    },
    "node_modules/is-core-module": {
      "version": "2.9.0",
      "dev": true,
      "license": "MIT",
      "dependencies": {
        "has": "^1.0.3"
      },
      "funding": {
        "url": "https://github.com/sponsors/ljharb"
      }
    },
    "node_modules/ismobilejs": {
      "version": "1.1.1",
      "license": "MIT"
    },
    "node_modules/mini-signals": {
      "version": "1.2.0",
      "license": "MIT",
      "peer": true
    },
    "node_modules/ms": {
      "version": "2.1.2",
      "license": "MIT"
    },
    "node_modules/nanoid": {
      "version": "3.3.4",
      "dev": true,
      "license": "MIT",
      "bin": {
        "nanoid": "bin/nanoid.cjs"
      },
      "engines": {
        "node": "^10 || ^12 || ^13.7 || ^14 || >=15.0.1"
      }
    },
    "node_modules/object-assign": {
      "version": "4.1.1",
      "license": "MIT",
      "engines": {
        "node": ">=0.10.0"
      }
    },
    "node_modules/parse-uri": {
      "version": "1.0.7",
      "license": "MIT",
      "peer": true,
      "engines": {
        "node": ">= 0.10"
      }
    },
    "node_modules/path-parse": {
      "version": "1.0.7",
      "dev": true,
      "license": "MIT"
    },
    "node_modules/picocolors": {
      "version": "1.0.0",
      "dev": true,
      "license": "ISC"
    },
    "node_modules/pixi-spine": {
      "version": "3.0.13",
      "license": "SEE SPINE-LICENSE",
      "dependencies": {
        "@pixi-spine/base": "~3.0.13",
        "@pixi-spine/loader-base": "~3.0.13",
        "@pixi-spine/loader-uni": "~3.0.13",
        "@pixi-spine/runtime-3.7": "~3.0.13",
        "@pixi-spine/runtime-3.8": "~3.0.13",
        "@pixi-spine/runtime-4.0": "~3.0.13"
      }
    },
    "node_modules/pixi.js": {
      "version": "6.3.2",
      "license": "MIT",
      "dependencies": {
        "@pixi/accessibility": "6.3.2",
        "@pixi/app": "6.3.2",
        "@pixi/compressed-textures": "6.3.2",
        "@pixi/constants": "6.3.2",
        "@pixi/core": "6.3.2",
        "@pixi/display": "6.3.2",
        "@pixi/extract": "6.3.2",
        "@pixi/filter-alpha": "6.3.2",
        "@pixi/filter-blur": "6.3.2",
        "@pixi/filter-color-matrix": "6.3.2",
        "@pixi/filter-displacement": "6.3.2",
        "@pixi/filter-fxaa": "6.3.2",
        "@pixi/filter-noise": "6.3.2",
        "@pixi/graphics": "6.3.2",
        "@pixi/interaction": "6.3.2",
        "@pixi/loaders": "6.3.2",
        "@pixi/math": "6.3.2",
        "@pixi/mesh": "6.3.2",
        "@pixi/mesh-extras": "6.3.2",
        "@pixi/mixin-cache-as-bitmap": "6.3.2",
        "@pixi/mixin-get-child-by-name": "6.3.2",
        "@pixi/mixin-get-global-position": "6.3.2",
        "@pixi/particle-container": "6.3.2",
        "@pixi/polyfill": "6.3.2",
        "@pixi/prepare": "6.3.2",
        "@pixi/runner": "6.3.2",
        "@pixi/settings": "6.3.2",
        "@pixi/sprite": "6.3.2",
        "@pixi/sprite-animated": "6.3.2",
        "@pixi/sprite-tiling": "6.3.2",
        "@pixi/spritesheet": "6.3.2",
        "@pixi/text": "6.3.2",
        "@pixi/text-bitmap": "6.3.2",
        "@pixi/ticker": "6.3.2",
        "@pixi/utils": "6.3.2"
      },
      "funding": {
        "type": "opencollective",
        "url": "https://opencollective.com/pixijs"
      }
    },
    "node_modules/postcss": {
      "version": "8.4.13",
      "dev": true,
      "funding": [
        {
          "type": "opencollective",
          "url": "https://opencollective.com/postcss/"
        },
        {
          "type": "tidelift",
          "url": "https://tidelift.com/funding/github/npm/postcss"
        }
      ],
      "license": "MIT",
      "dependencies": {
        "nanoid": "^3.3.3",
        "picocolors": "^1.0.0",
        "source-map-js": "^1.0.2"
      },
      "engines": {
        "node": "^10 || ^12 || >=14"
      }
    },
    "node_modules/promise-polyfill": {
      "version": "8.2.3",
      "license": "MIT"
    },
    "node_modules/punycode": {
      "version": "1.3.2",
      "license": "MIT"
    },
    "node_modules/querystring": {
      "version": "0.2.0",
      "engines": {
        "node": ">=0.4.x"
      }
    },
    "node_modules/resolve": {
      "version": "1.22.0",
      "dev": true,
      "license": "MIT",
      "dependencies": {
        "is-core-module": "^2.8.1",
        "path-parse": "^1.0.7",
        "supports-preserve-symlinks-flag": "^1.0.0"
      },
      "bin": {
        "resolve": "bin/resolve"
      },
      "funding": {
        "url": "https://github.com/sponsors/ljharb"
      }
    },
    "node_modules/resource-loader": {
      "version": "3.0.1",
      "license": "MIT",
      "peer": true,
      "dependencies": {
        "mini-signals": "^1.2.0",
        "parse-uri": "^1.0.0"
      }
    },
    "node_modules/rollup": {
      "version": "2.73.0",
      "dev": true,
      "license": "MIT",
      "bin": {
        "rollup": "dist/bin/rollup"
      },
      "engines": {
        "node": ">=10.0.0"
      },
      "optionalDependencies": {
        "fsevents": "~2.3.2"
      }
    },
    "node_modules/socket.io-client": {
      "version": "4.5.0",
      "license": "MIT",
      "dependencies": {
        "@socket.io/component-emitter": "~3.1.0",
        "debug": "~4.3.2",
        "engine.io-client": "~6.2.1",
        "socket.io-parser": "~4.2.0"
      },
      "engines": {
        "node": ">=10.0.0"
      }
    },
    "node_modules/socket.io-parser": {
      "version": "4.2.0",
      "license": "MIT",
      "dependencies": {
        "@socket.io/component-emitter": "~3.1.0",
        "debug": "~4.3.1"
      },
      "engines": {
        "node": ">=10.0.0"
      }
    },
    "node_modules/source-map-js": {
      "version": "1.0.2",
      "dev": true,
      "license": "BSD-3-Clause",
      "engines": {
        "node": ">=0.10.0"
      }
    },
    "node_modules/supports-preserve-symlinks-flag": {
      "version": "1.0.0",
      "dev": true,
      "license": "MIT",
      "engines": {
        "node": ">= 0.4"
      },
      "funding": {
        "url": "https://github.com/sponsors/ljharb"
      }
    },
    "node_modules/url": {
      "version": "0.11.0",
      "license": "MIT",
      "dependencies": {
        "punycode": "1.3.2",
        "querystring": "0.2.0"
      }
    },
    "node_modules/vite": {
      "version": "2.9.9",
      "dev": true,
      "license": "MIT",
      "dependencies": {
        "esbuild": "^0.14.27",
        "postcss": "^8.4.13",
        "resolve": "^1.22.0",
        "rollup": "^2.59.0"
      },
      "bin": {
        "vite": "bin/vite.js"
      },
      "engines": {
        "node": ">=12.2.0"
      },
      "optionalDependencies": {
        "fsevents": "~2.3.2"
      },
      "peerDependencies": {
        "less": "*",
        "sass": "*",
        "stylus": "*"
      },
      "peerDependenciesMeta": {
        "less": {
          "optional": true
        },
        "sass": {
          "optional": true
        },
        "stylus": {
          "optional": true
        }
      }
    },
    "node_modules/ws": {
      "version": "8.6.0",
      "license": "MIT",
      "engines": {
        "node": ">=10.0.0"
      },
      "peerDependencies": {
        "bufferutil": "^4.0.1",
        "utf-8-validate": "^5.0.2"
      },
      "peerDependenciesMeta": {
        "bufferutil": {
          "optional": true
        },
        "utf-8-validate": {
          "optional": true
        }
      }
    },
    "node_modules/xmlhttprequest-ssl": {
      "version": "2.0.0",
      "engines": {
        "node": ">=0.4.0"
      }
    }
  },
  "dependencies": {
    "@pixi-spine/base": {
      "version": "3.0.13",
      "requires": {}
    },
    "@pixi-spine/loader-base": {
      "version": "3.0.13",
      "requires": {
        "@pixi-spine/base": "~3.0.13"
      }
    },
    "@pixi-spine/loader-uni": {
      "version": "3.0.13",
      "requires": {
        "@pixi-spine/base": "~3.0.13",
        "@pixi-spine/loader-base": "~3.0.13",
        "@pixi-spine/runtime-3.7": "~3.0.13",
        "@pixi-spine/runtime-3.8": "~3.0.13",
        "@pixi-spine/runtime-4.0": "~3.0.13"
      }
    },
    "@pixi-spine/runtime-3.7": {
      "version": "3.0.13",
      "requires": {
        "@pixi-spine/base": "~3.0.13"
      }
    },
    "@pixi-spine/runtime-3.8": {
      "version": "3.0.13",
      "requires": {
        "@pixi-spine/base": "~3.0.13"
      }
    },
    "@pixi-spine/runtime-4.0": {
      "version": "3.0.13",
      "requires": {
        "@pixi-spine/base": "~3.0.13"
      }
    },
    "@pixi/accessibility": {
      "version": "6.3.2",
      "requires": {}
    },
    "@pixi/app": {
      "version": "6.3.2",
      "requires": {}
    },
    "@pixi/canvas-renderer": {
      "version": "6.3.2",
      "peer": true,
      "requires": {}
    },
    "@pixi/compressed-textures": {
      "version": "6.3.2",
      "requires": {}
    },
    "@pixi/constants": {
      "version": "6.3.2"
    },
    "@pixi/core": {
      "version": "6.3.2",
      "requires": {
        "@types/offscreencanvas": "^2019.6.4"
      }
    },
    "@pixi/display": {
      "version": "6.3.2",
      "requires": {}
    },
    "@pixi/extract": {
      "version": "6.3.2",
      "requires": {}
    },
    "@pixi/filter-alpha": {
      "version": "6.3.2",
      "requires": {}
    },
    "@pixi/filter-blur": {
      "version": "6.3.2",
      "requires": {}
    },
    "@pixi/filter-color-matrix": {
      "version": "6.3.2",
      "requires": {}
    },
    "@pixi/filter-displacement": {
      "version": "6.3.2",
      "requires": {}
    },
    "@pixi/filter-fxaa": {
      "version": "6.3.2",
      "requires": {}
    },
    "@pixi/filter-noise": {
      "version": "6.3.2",
      "requires": {}
    },
    "@pixi/graphics": {
      "version": "6.3.2",
      "requires": {}
    },
    "@pixi/interaction": {
      "version": "6.3.2",
      "requires": {}
    },
    "@pixi/layers": {
      "version": "1.0.11",
      "requires": {}
    },
    "@pixi/loaders": {
      "version": "6.3.2",
      "requires": {}
    },
    "@pixi/math": {
      "version": "6.3.2"
    },
    "@pixi/mesh": {
      "version": "6.3.2",
      "requires": {}
    },
    "@pixi/mesh-extras": {
      "version": "6.3.2",
      "requires": {}
    },
    "@pixi/mixin-cache-as-bitmap": {
      "version": "6.3.2",
      "requires": {}
    },
    "@pixi/mixin-get-child-by-name": {
      "version": "6.3.2",
      "requires": {}
    },
    "@pixi/mixin-get-global-position": {
      "version": "6.3.2",
      "requires": {}
    },
    "@pixi/particle-container": {
      "version": "6.3.2",
      "requires": {}
    },
    "@pixi/polyfill": {
      "version": "6.3.2",
      "requires": {
        "object-assign": "^4.1.1",
        "promise-polyfill": "^8.2.0"
      }
    },
    "@pixi/prepare": {
      "version": "6.3.2",
      "requires": {}
    },
    "@pixi/runner": {
      "version": "6.3.2"
    },
    "@pixi/settings": {
      "version": "6.3.2",
      "requires": {
        "ismobilejs": "^1.1.0"
      }
    },
    "@pixi/sprite": {
      "version": "6.3.2",
      "requires": {}
    },
    "@pixi/sprite-animated": {
      "version": "6.3.2",
      "requires": {}
    },
    "@pixi/sprite-tiling": {
      "version": "6.3.2",
      "requires": {}
    },
    "@pixi/spritesheet": {
      "version": "6.3.2",
      "requires": {}
    },
    "@pixi/text": {
      "version": "6.3.2",
      "requires": {}
    },
    "@pixi/text-bitmap": {
      "version": "6.3.2",
      "requires": {}
    },
    "@pixi/ticker": {
      "version": "6.3.2",
      "requires": {}
    },
    "@pixi/utils": {
      "version": "6.3.2",
      "requires": {
        "@types/earcut": "^2.1.0",
        "earcut": "^2.2.2",
        "eventemitter3": "^3.1.0",
        "url": "^0.11.0"
      }
    },
    "@socket.io/component-emitter": {
      "version": "3.1.0"
    },
    "@types/earcut": {
      "version": "2.1.1"
    },
    "@types/offscreencanvas": {
      "version": "2019.6.4"
    },
    "core-js": {
      "version": "3.22.5"
    },
    "debug": {
      "version": "4.3.4",
      "requires": {
        "ms": "2.1.2"
      }
    },
    "earcut": {
      "version": "2.2.3"
    },
    "engine.io-client": {
      "version": "6.2.2",
      "requires": {
        "@socket.io/component-emitter": "~3.1.0",
        "debug": "~4.3.1",
        "engine.io-parser": "~5.0.3",
        "ws": "~8.2.3",
        "xmlhttprequest-ssl": "~2.0.0"
      },
      "dependencies": {
        "ws": {
          "version": "8.2.3",
          "requires": {}
        }
      }
    },
    "engine.io-parser": {
      "version": "5.0.4"
    },
    "esbuild": {
      "version": "0.14.39",
      "dev": true,
      "requires": {
        "esbuild-android-64": "0.14.39",
        "esbuild-android-arm64": "0.14.39",
        "esbuild-darwin-64": "0.14.39",
        "esbuild-darwin-arm64": "0.14.39",
        "esbuild-freebsd-64": "0.14.39",
        "esbuild-freebsd-arm64": "0.14.39",
        "esbuild-linux-32": "0.14.39",
        "esbuild-linux-64": "0.14.39",
        "esbuild-linux-arm": "0.14.39",
        "esbuild-linux-arm64": "0.14.39",
        "esbuild-linux-mips64le": "0.14.39",
        "esbuild-linux-ppc64le": "0.14.39",
        "esbuild-linux-riscv64": "0.14.39",
        "esbuild-linux-s390x": "0.14.39",
        "esbuild-netbsd-64": "0.14.39",
        "esbuild-openbsd-64": "0.14.39",
        "esbuild-sunos-64": "0.14.39",
        "esbuild-windows-32": "0.14.39",
        "esbuild-windows-64": "0.14.39",
        "esbuild-windows-arm64": "0.14.39"
      }
    },
    "esbuild-darwin-arm64": {
      "version": "0.14.39",
      "dev": true,
      "optional": true
    },
    "eventemitter3": {
      "version": "3.1.2"
    },
    "fsevents": {
      "version": "2.3.2",
      "dev": true,
      "optional": true
    },
    "function-bind": {
      "version": "1.1.1",
      "dev": true
    },
    "has": {
      "version": "1.0.3",
      "dev": true,
      "requires": {
        "function-bind": "^1.1.1"
      }
    },
    "is-core-module": {
      "version": "2.9.0",
      "dev": true,
      "requires": {
        "has": "^1.0.3"
      }
    },
    "ismobilejs": {
      "version": "1.1.1"
    },
    "mini-signals": {
      "version": "1.2.0",
      "peer": true
    },
    "ms": {
      "version": "2.1.2"
    },
    "nanoid": {
      "version": "3.3.4",
      "dev": true
    },
    "object-assign": {
      "version": "4.1.1"
    },
    "parse-uri": {
      "version": "1.0.7",
      "peer": true
    },
    "path-parse": {
      "version": "1.0.7",
      "dev": true
    },
    "picocolors": {
      "version": "1.0.0",
      "dev": true
    },
    "pixi-spine": {
      "version": "3.0.13",
      "requires": {
        "@pixi-spine/base": "~3.0.13",
        "@pixi-spine/loader-base": "~3.0.13",
        "@pixi-spine/loader-uni": "~3.0.13",
        "@pixi-spine/runtime-3.7": "~3.0.13",
        "@pixi-spine/runtime-3.8": "~3.0.13",
        "@pixi-spine/runtime-4.0": "~3.0.13"
      }
    },
    "pixi.js": {
      "version": "6.3.2",
      "requires": {
        "@pixi/accessibility": "6.3.2",
        "@pixi/app": "6.3.2",
        "@pixi/compressed-textures": "6.3.2",
        "@pixi/constants": "6.3.2",
        "@pixi/core": "6.3.2",
        "@pixi/display": "6.3.2",
        "@pixi/extract": "6.3.2",
        "@pixi/filter-alpha": "6.3.2",
        "@pixi/filter-blur": "6.3.2",
        "@pixi/filter-color-matrix": "6.3.2",
        "@pixi/filter-displacement": "6.3.2",
        "@pixi/filter-fxaa": "6.3.2",
        "@pixi/filter-noise": "6.3.2",
        "@pixi/graphics": "6.3.2",
        "@pixi/interaction": "6.3.2",
        "@pixi/loaders": "6.3.2",
        "@pixi/math": "6.3.2",
        "@pixi/mesh": "6.3.2",
        "@pixi/mesh-extras": "6.3.2",
        "@pixi/mixin-cache-as-bitmap": "6.3.2",
        "@pixi/mixin-get-child-by-name": "6.3.2",
        "@pixi/mixin-get-global-position": "6.3.2",
        "@pixi/particle-container": "6.3.2",
        "@pixi/polyfill": "6.3.2",
        "@pixi/prepare": "6.3.2",
        "@pixi/runner": "6.3.2",
        "@pixi/settings": "6.3.2",
        "@pixi/sprite": "6.3.2",
        "@pixi/sprite-animated": "6.3.2",
        "@pixi/sprite-tiling": "6.3.2",
        "@pixi/spritesheet": "6.3.2",
        "@pixi/text": "6.3.2",
        "@pixi/text-bitmap": "6.3.2",
        "@pixi/ticker": "6.3.2",
        "@pixi/utils": "6.3.2"
      }
    },
    "postcss": {
      "version": "8.4.13",
      "dev": true,
      "requires": {
        "nanoid": "^3.3.3",
        "picocolors": "^1.0.0",
        "source-map-js": "^1.0.2"
      }
    },
    "promise-polyfill": {
      "version": "8.2.3"
    },
    "punycode": {
      "version": "1.3.2"
    },
    "querystring": {
      "version": "0.2.0"
    },
    "resolve": {
      "version": "1.22.0",
      "dev": true,
      "requires": {
        "is-core-module": "^2.8.1",
        "path-parse": "^1.0.7",
        "supports-preserve-symlinks-flag": "^1.0.0"
      }
    },
    "resource-loader": {
      "version": "3.0.1",
      "peer": true,
      "requires": {
        "mini-signals": "^1.2.0",
        "parse-uri": "^1.0.0"
      }
    },
    "rollup": {
      "version": "2.73.0",
      "dev": true,
      "requires": {
        "fsevents": "~2.3.2"
      }
    },
    "socket.io-client": {
      "version": "4.5.0",
      "requires": {
        "@socket.io/component-emitter": "~3.1.0",
        "debug": "~4.3.2",
        "engine.io-client": "~6.2.1",
        "socket.io-parser": "~4.2.0"
      }
    },
    "socket.io-parser": {
      "version": "4.2.0",
      "requires": {
        "@socket.io/component-emitter": "~3.1.0",
        "debug": "~4.3.1"
      }
    },
    "source-map-js": {
      "version": "1.0.2",
      "dev": true
    },
    "supports-preserve-symlinks-flag": {
      "version": "1.0.0",
      "dev": true
    },
    "url": {
      "version": "0.11.0",
      "requires": {
        "punycode": "1.3.2",
        "querystring": "0.2.0"
      }
    },
    "vite": {
      "version": "2.9.9",
      "dev": true,
      "requires": {
        "esbuild": "^0.14.27",
        "fsevents": "~2.3.2",
        "postcss": "^8.4.13",
        "resolve": "^1.22.0",
        "rollup": "^2.59.0"
      }
    },
    "ws": {
      "version": "8.6.0",
      "requires": {}
    },
    "xmlhttprequest-ssl": {
      "version": "2.0.0"
    }
  }
}
